# This file is automatically @generated by Cargo.
# It is not intended for manual editing.
version = 3

[[package]]
name = "libc"
version = "0.2.31"
source = "registry+https://github.com/rust-lang/crates.io-index"
checksum = "d1419b2939a0bc44b77feb34661583c7546b532b192feab36249ab584b86856c"

[[package]]
name = "rust-ffi"
version = "0.1.0"
dependencies = [
 "libc",
]
